
Microsoft Visual Studio Solution File, Format Version 12.00
# Visual Studio Version 17
VisualStudioVersion = 17.5.002.0
MinimumVisualStudioVersion = 10.0.40219.1
Project("{2150E333-8FDC-42A3-9474-1A3956D46DE8}") = "src", "src", "{AF27B524-CAA6-40E4-959A-BDA766B1DFFA}"
EndProject
Project("{FAE04EC0-301F-11D3-BF4B-00C04F79EFBC}") = "Weblog.Api", "src\Weblog.Api\Weblog.Api.csproj", "{E513E68A-6909-4899-9E5F-0D9B2A472FC7}"
EndProject
Project("{FAE04EC0-301F-11D3-BF4B-00C04F79EFBC}") = "Weblog.Core", "src\Weblog.Core\Weblog.Core.csproj", "{83FBD6D6-D681-445F-B5E6-9DFB42C254F6}"
EndProject
Project("{FAE04EC0-301F-11D3-BF4B-00C04F79EFBC}") = "Weblog.Domain", "src\Weblog.Domain\Weblog.Domain.csproj", "{98BF62DE-19A3-4017-A396-614C669A6786}"
EndProject
Project("{FAE04EC0-301F-11D3-BF4B-00C04F79EFBC}") = "Weblog,Application", "src\Weblog,Application\Weblog,Application.csproj", "{4996FDA4-B593-4043-94E9-3753BDFE231D}"
EndProject
Global
	GlobalSection(SolutionConfigurationPlatforms) = preSolution
		Debug|Any CPU = Debug|Any CPU
		Release|Any CPU = Release|Any CPU
	EndGlobalSection
	GlobalSection(ProjectConfigurationPlatforms) = postSolution
		{2F2C771E-FF51-430F-AA90-D26609991F20}.Debug|Any CPU.ActiveCfg = Debug|Any CPU
		{2F2C771E-FF51-430F-AA90-D26609991F20}.Debug|Any CPU.Build.0 = Debug|Any CPU
		{2F2C771E-FF51-430F-AA90-D26609991F20}.Release|Any CPU.ActiveCfg = Release|Any CPU
		{2F2C771E-FF51-430F-AA90-D26609991F20}.Release|Any CPU.Build.0 = Release|Any CPU
		{E513E68A-6909-4899-9E5F-0D9B2A472FC7}.Debug|Any CPU.ActiveCfg = Debug|Any CPU
		{E513E68A-6909-4899-9E5F-0D9B2A472FC7}.Debug|Any CPU.Build.0 = Debug|Any CPU
		{E513E68A-6909-4899-9E5F-0D9B2A472FC7}.Release|Any CPU.ActiveCfg = Release|Any CPU
		{E513E68A-6909-4899-9E5F-0D9B2A472FC7}.Release|Any CPU.Build.0 = Release|Any CPU
		{83FBD6D6-D681-445F-B5E6-9DFB42C254F6}.Debug|Any CPU.ActiveCfg = Debug|Any CPU
		{83FBD6D6-D681-445F-B5E6-9DFB42C254F6}.Debug|Any CPU.Build.0 = Debug|Any CPU
		{83FBD6D6-D681-445F-B5E6-9DFB42C254F6}.Release|Any CPU.ActiveCfg = Release|Any CPU
		{83FBD6D6-D681-445F-B5E6-9DFB42C254F6}.Release|Any CPU.Build.0 = Release|Any CPU
		{98BF62DE-19A3-4017-A396-614C669A6786}.Debug|Any CPU.ActiveCfg = Debug|Any CPU
		{98BF62DE-19A3-4017-A396-614C669A6786}.Debug|Any CPU.Build.0 = Debug|Any CPU
		{98BF62DE-19A3-4017-A396-614C669A6786}.Release|Any CPU.ActiveCfg = Release|Any CPU
		{98BF62DE-19A3-4017-A396-614C669A6786}.Release|Any CPU.Build.0 = Release|Any CPU
		{4996FDA4-B593-4043-94E9-3753BDFE231D}.Debug|Any CPU.ActiveCfg = Debug|Any CPU
		{4996FDA4-B593-4043-94E9-3753BDFE231D}.Debug|Any CPU.Build.0 = Debug|Any CPU
		{4996FDA4-B593-4043-94E9-3753BDFE231D}.Release|Any CPU.ActiveCfg = Release|Any CPU
		{4996FDA4-B593-4043-94E9-3753BDFE231D}.Release|Any CPU.Build.0 = Release|Any CPU
	EndGlobalSection
	GlobalSection(SolutionProperties) = preSolution
		HideSolutionNode = FALSE
	EndGlobalSection
	GlobalSection(ExtensibilityGlobals) = postSolution
		SolutionGuid = {6FB1C4EB-D0D2-45DC-B543-468580EED54E}
	EndGlobalSection
	GlobalSection(NestedProjects) = preSolution
		{E513E68A-6909-4899-9E5F-0D9B2A472FC7} = {AF27B524-CAA6-40E4-959A-BDA766B1DFFA}
		{83FBD6D6-D681-445F-B5E6-9DFB42C254F6} = {AF27B524-CAA6-40E4-959A-BDA766B1DFFA}
		{98BF62DE-19A3-4017-A396-614C669A6786} = {AF27B524-CAA6-40E4-959A-BDA766B1DFFA}
		{4996FDA4-B593-4043-94E9-3753BDFE231D} = {AF27B524-CAA6-40E4-959A-BDA766B1DFFA}
	EndGlobalSection
EndGlobal
